
Microsoft Visual Studio Solution File, Format Version 12.00
# Visual Studio 2012
Project("{FAE04EC0-301F-11D3-BF4B-00C04F79EFBC}") = "bonespoint", "bonespoint\bonespoint.csproj", "{BD3B1DEE-A010-42EA-871B-56A19FB58804}"
EndProject
Global
	GlobalSection(SolutionConfigurationPlatforms) = preSolution
		Debug|Any CPU = Debug|Any CPU
		Release|Any CPU = Release|Any CPU
	EndGlobalSection
	GlobalSection(ProjectConfigurationPlatforms) = postSolution
		{BD3B1DEE-A010-42EA-871B-56A19FB58804}.Debug|Any CPU.ActiveCfg = Debug|Any CPU
		{BD3B1DEE-A010-42EA-871B-56A19FB58804}.Debug|Any CPU.Build.0 = Debug|Any CPU
		{BD3B1DEE-A010-42EA-871B-56A19FB58804}.Release|Any CPU.ActiveCfg = Release|Any CPU
		{BD3B1DEE-A010-42EA-871B-56A19FB58804}.Release|Any CPU.Build.0 = Release|Any CPU
	EndGlobalSection
	GlobalSection(SolutionProperties) = preSolution
		HideSolutionNode = FALSE
	EndGlobalSection
EndGlobal
